
Microsoft Visual Studio Solution File, Format Version 12.00
# Visual Studio Version 17
VisualStudioVersion = 17.4.33205.214
MinimumVisualStudioVersion = 10.0.40219.1
Project("{FAE04EC0-301F-11D3-BF4B-00C04F79EFBC}") = "MvcApiCrudDepartamentos2023", "MvcApiCrudDepartamentos2023\MvcApiCrudDepartamentos2023.csproj", "{A8F5904A-021E-461C-8163-7E96D66577E3}"
EndProject
Global
	GlobalSection(SolutionConfigurationPlatforms) = preSolution
		Debug|Any CPU = Debug|Any CPU
		Release|Any CPU = Release|Any CPU
	EndGlobalSection
	GlobalSection(ProjectConfigurationPlatforms) = postSolution
		{A8F5904A-021E-461C-8163-7E96D66577E3}.Debug|Any CPU.ActiveCfg = Debug|Any CPU
		{A8F5904A-021E-461C-8163-7E96D66577E3}.Debug|Any CPU.Build.0 = Debug|Any CPU
		{A8F5904A-021E-461C-8163-7E96D66577E3}.Release|Any CPU.ActiveCfg = Release|Any CPU
		{A8F5904A-021E-461C-8163-7E96D66577E3}.Release|Any CPU.Build.0 = Release|Any CPU
	EndGlobalSection
	GlobalSection(SolutionProperties) = preSolution
		HideSolutionNode = FALSE
	EndGlobalSection
	GlobalSection(ExtensibilityGlobals) = postSolution
		SolutionGuid = {24CB1F81-EC20-4F36-A37C-3B7C1A2C0E72}
	EndGlobalSection
EndGlobal
